{
  "version": "5",
  "specifiers": {
    "jsr:@cloudydeno/socket-fetch@0.2.1": "0.2.1",
    "jsr:@std/bytes@^1.0.6": "1.0.6",
    "jsr:@std/internal@^1.0.14": "1.0.14",
    "jsr:@std/path@^1.1.6": "1.1.6",
    "jsr:@std/streams@^1.1.1": "1.1.1",
    "jsr:@std/yaml@^1.1.2": "1.1.2",
    "npm:undici@^8.9.0": "8.9.0"
  },
  "jsr": {
    "@cloudydeno/socket-fetch@0.2.1": {
      "integrity": "5a4088ea8903660f4794c235cf7e36f12dc077b23f8df02a48c87766a5474bc9"
    },
    "@std/bytes@1.0.6": {
      "integrity": "f6ac6adbd8ccd99314045f5703e23af0a68d7f7e58364b47d2c7f408aeb5820a"
    },
    "@std/internal@1.0.14": {
      "integrity": "291516b3d4c35024d6ffbc0a9df5bf4c64116e05b50012cf846710152d2ffdf7"
    },
    "@std/path@1.1.6": {
      "integrity": "c68485c2a4dfbb5ae3cc74fae4e8c4e5d874cf8a8ed12927917235c758b46cbe",
      "dependencies": [
        "jsr:@std/internal"
      ]
    },
    "@std/streams@1.1.1": {
      "integrity": "92556d350e537e9dce527a6d08f6f15be3ff65e656079dea69d15252187c7613",
      "dependencies": [
        "jsr:@std/bytes"
      ]
    },
    "@std/yaml@1.1.2": {
      "integrity": "de612653c036749ba2044165e316f52412b0f0698afffb7ee80b5331d6d2abae"
    }
  },
  "npm": {
    "undici@8.9.0": {
      "integrity": "sha512-aWZpUj7XoGonMClx4gdDRfgBjqeA+F473aDmROQQbM9n6PRfK/u1q/a0X4wMTgcHfT8H6fpbt98PFuDUwFg2YA=="
    }
  },
  "workspace": {
    "dependencies": [
      "jsr:@std/path@^1.1.6",
      "jsr:@std/streams@^1.1.1",
      "jsr:@std/yaml@^1.1.2",
      "npm:undici@^8.9.0"
    ]
  }
}
